// !$*UTF8*$!
{
	archiveVersion = 1;
	classes = {
	};
	objectVersion = 50;
	objects = {

/* Begin PBXBuildFile section */
		252A8C0E98AF1D13B01B8F7D /* libPods-TechChatUITests.a in Frameworks */ = {isa = PBXBuildFile; fileRef = 45AC64907292D0A6C5ED4157 /* libPods-TechChatUITests.a */; };
		4AEC2EAFB6A45E7129D4C88F /* Pods_TechChat.framework in Frameworks */ = {isa = PBXBuildFile; fileRef = F7CAD590CA6B35A00239EF88 /* Pods_TechChat.framework */; };
		9413F74E2240311A00279B41 /* PostTableViewController.swift in Sources */ = {isa = PBXBuildFile; fileRef = 9413F74D2240311A00279B41 /* PostTableViewController.swift */; };
		9413F74F2240311A00279B41 /* PostTableViewController.swift in Sources */ = {isa = PBXBuildFile; fileRef = 9413F74D2240311A00279B41 /* PostTableViewController.swift */; };
		9413F7502240311A00279B41 /* PostTableViewController.swift in Sources */ = {isa = PBXBuildFile; fileRef = 9413F74D2240311A00279B41 /* PostTableViewController.swift */; };
		9413F752224032F900279B41 /* CreatePostController.swift in Sources */ = {isa = PBXBuildFile; fileRef = 9413F751224032F900279B41 /* CreatePostController.swift */; };
		9413F753224032F900279B41 /* CreatePostController.swift in Sources */ = {isa = PBXBuildFile; fileRef = 9413F751224032F900279B41 /* CreatePostController.swift */; };
		9413F754224032F900279B41 /* CreatePostController.swift in Sources */ = {isa = PBXBuildFile; fileRef = 9413F751224032F900279B41 /* CreatePostController.swift */; };
		9428A6CA21CEDE9300A1A909 /* Urls.swift in Sources */ = {isa = PBXBuildFile; fileRef = 946BCAFE21A0906C00A5F9C7 /* Urls.swift */; };
		94339143219E553F0000AE56 /* AppDelegate.swift in Sources */ = {isa = PBXBuildFile; fileRef = 94339142219E553F0000AE56 /* AppDelegate.swift */; };
		94339145219E553F0000AE56 /* LoginController.swift in Sources */ = {isa = PBXBuildFile; fileRef = 94339144219E553F0000AE56 /* LoginController.swift */; };
		94339148219E553F0000AE56 /* Main.storyboard in Resources */ = {isa = PBXBuildFile; fileRef = 94339146219E553F0000AE56 /* Main.storyboard */; };
		9433914A219E55400000AE56 /* Assets.xcassets in Resources */ = {isa = PBXBuildFile; fileRef = 94339149219E55400000AE56 /* Assets.xcassets */; };
		9433914D219E55400000AE56 /* LaunchScreen.storyboard in Resources */ = {isa = PBXBuildFile; fileRef = 9433914B219E55400000AE56 /* LaunchScreen.storyboard */; };
		94339158219E55410000AE56 /* TechChatTests.swift in Sources */ = {isa = PBXBuildFile; fileRef = 94339157219E55410000AE56 /* TechChatTests.swift */; };
		94339163219E55410000AE56 /* TechChatUITests.swift in Sources */ = {isa = PBXBuildFile; fileRef = 94339162219E55410000AE56 /* TechChatUITests.swift */; };
		946BCAFF21A0906C00A5F9C7 /* Urls.swift in Sources */ = {isa = PBXBuildFile; fileRef = 946BCAFE21A0906C00A5F9C7 /* Urls.swift */; };
		946BCB0221A09CCA00A5F9C7 /* User.swift in Sources */ = {isa = PBXBuildFile; fileRef = 946BCB0121A09CCA00A5F9C7 /* User.swift */; };
		946BCB0321A09CCA00A5F9C7 /* User.swift in Sources */ = {isa = PBXBuildFile; fileRef = 946BCB0121A09CCA00A5F9C7 /* User.swift */; };
		9474A9F321CED511009FCF59 /* BoardTableViewCell.swift in Sources */ = {isa = PBXBuildFile; fileRef = 94ACFA7221AE0E140063C02F /* BoardTableViewCell.swift */; };
		9474A9F421CED514009FCF59 /* LoginController.swift in Sources */ = {isa = PBXBuildFile; fileRef = 94339144219E553F0000AE56 /* LoginController.swift */; };
		9474A9F521CED517009FCF59 /* BoardTableViewController.swift in Sources */ = {isa = PBXBuildFile; fileRef = 94ACFA7421AE0F170063C02F /* BoardTableViewController.swift */; };
		9474A9F621CED524009FCF59 /* Board.swift in Sources */ = {isa = PBXBuildFile; fileRef = 94ACFA7621AE12790063C02F /* Board.swift */; };
		9474A9F921CED55D009FCF59 /* UserTests.swift in Sources */ = {isa = PBXBuildFile; fileRef = 9474A9F821CED55D009FCF59 /* UserTests.swift */; };
		94ACFA7321AE0E140063C02F /* BoardTableViewCell.swift in Sources */ = {isa = PBXBuildFile; fileRef = 94ACFA7221AE0E140063C02F /* BoardTableViewCell.swift */; };
		94ACFA7521AE0F170063C02F /* BoardTableViewController.swift in Sources */ = {isa = PBXBuildFile; fileRef = 94ACFA7421AE0F170063C02F /* BoardTableViewController.swift */; };
		94ACFA7721AE12790063C02F /* Board.swift in Sources */ = {isa = PBXBuildFile; fileRef = 94ACFA7621AE12790063C02F /* Board.swift */; };
		94E5524C21D1E59F0019CEE5 /* LoginUITests.swift in Sources */ = {isa = PBXBuildFile; fileRef = 94E5524B21D1E59F0019CEE5 /* LoginUITests.swift */; };
		94E5524D21D1E73E0019CEE5 /* User.swift in Sources */ = {isa = PBXBuildFile; fileRef = 946BCB0121A09CCA00A5F9C7 /* User.swift */; };
		94E5524E21D1E7480019CEE5 /* Board.swift in Sources */ = {isa = PBXBuildFile; fileRef = 94ACFA7621AE12790063C02F /* Board.swift */; };
		94E5524F21D1E74C0019CEE5 /* Urls.swift in Sources */ = {isa = PBXBuildFile; fileRef = 946BCAFE21A0906C00A5F9C7 /* Urls.swift */; };
		94E5525021D1E7500019CEE5 /* AppDelegate.swift in Sources */ = {isa = PBXBuildFile; fileRef = 94339142219E553F0000AE56 /* AppDelegate.swift */; };
		94E5525121D1E7510019CEE5 /* AppDelegate.swift in Sources */ = {isa = PBXBuildFile; fileRef = 94339142219E553F0000AE56 /* AppDelegate.swift */; };
		94E5525221D1E77D0019CEE5 /* BoardTableViewCell.swift in Sources */ = {isa = PBXBuildFile; fileRef = 94ACFA7221AE0E140063C02F /* BoardTableViewCell.swift */; };
		94E5525321D1E7800019CEE5 /* LoginController.swift in Sources */ = {isa = PBXBuildFile; fileRef = 94339144219E553F0000AE56 /* LoginController.swift */; };
		94E5525421D1E7900019CEE5 /* BoardTableViewController.swift in Sources */ = {isa = PBXBuildFile; fileRef = 94ACFA7421AE0F170063C02F /* BoardTableViewController.swift */; };
		A9AA814B2C451DA02EF9395C /* libPods-TechChatTests.a in Frameworks */ = {isa = PBXBuildFile; fileRef = 99D8844F7E4D042E1CDB5287 /* libPods-TechChatTests.a */; };
/* End PBXBuildFile section */

/* Begin PBXContainerItemProxy section */
		94339154219E55400000AE56 /* PBXContainerItemProxy */ = {
			isa = PBXContainerItemProxy;
			containerPortal = 94339137219E553F0000AE56 /* Project object */;
			proxyType = 1;
			remoteGlobalIDString = 9433913E219E553F0000AE56;
			remoteInfo = TechChat;
		};
		9433915F219E55410000AE56 /* PBXContainerItemProxy */ = {
			isa = PBXContainerItemProxy;
			containerPortal = 94339137219E553F0000AE56 /* Project object */;
			proxyType = 1;
			remoteGlobalIDString = 9433913E219E553F0000AE56;
			remoteInfo = TechChat;
		};
/* End PBXContainerItemProxy section */

/* Begin PBXFileReference section */
		1A05C3A041122F35895C554F /* Pods-TechChat.debug.xcconfig */ = {isa = PBXFileReference; includeInIndex = 1; lastKnownFileType = text.xcconfig; name = "Pods-TechChat.debug.xcconfig"; path = "Pods/Target Support Files/Pods-TechChat/Pods-TechChat.debug.xcconfig"; sourceTree = "<group>"; };
		45AC64907292D0A6C5ED4157 /* libPods-TechChatUITests.a */ = {isa = PBXFileReference; explicitFileType = archive.ar; includeInIndex = 0; path = "libPods-TechChatUITests.a"; sourceTree = BUILT_PRODUCTS_DIR; };
		49E5BF044DB0E4A09B78F520 /* Pods-TechChat.release.xcconfig */ = {isa = PBXFileReference; includeInIndex = 1; lastKnownFileType = text.xcconfig; name = "Pods-TechChat.release.xcconfig"; path = "Pods/Target Support Files/Pods-TechChat/Pods-TechChat.release.xcconfig"; sourceTree = "<group>"; };
		687BD48267FE1D17E2A81D1B /* Pods-TechChatTests.debug.xcconfig */ = {isa = PBXFileReference; includeInIndex = 1; lastKnownFileType = text.xcconfig; name = "Pods-TechChatTests.debug.xcconfig"; path = "Pods/Target Support Files/Pods-TechChatTests/Pods-TechChatTests.debug.xcconfig"; sourceTree = "<group>"; };
		8E623B28F5D4AA26F9C88289 /* Pods-TechChatTests.release.xcconfig */ = {isa = PBXFileReference; includeInIndex = 1; lastKnownFileType = text.xcconfig; name = "Pods-TechChatTests.release.xcconfig"; path = "Pods/Target Support Files/Pods-TechChatTests/Pods-TechChatTests.release.xcconfig"; sourceTree = "<group>"; };
		9413F74D2240311A00279B41 /* PostTableViewController.swift */ = {isa = PBXFileReference; lastKnownFileType = sourcecode.swift; path = PostTableViewController.swift; sourceTree = "<group>"; };
		9413F751224032F900279B41 /* CreatePostController.swift */ = {isa = PBXFileReference; lastKnownFileType = sourcecode.swift; path = CreatePostController.swift; sourceTree = "<group>"; };
		9433913F219E553F0000AE56 /* TechChat.app */ = {isa = PBXFileReference; explicitFileType = wrapper.application; includeInIndex = 0; path = TechChat.app; sourceTree = BUILT_PRODUCTS_DIR; };
		94339142219E553F0000AE56 /* AppDelegate.swift */ = {isa = PBXFileReference; lastKnownFileType = sourcecode.swift; path = AppDelegate.swift; sourceTree = "<group>"; };
		94339144219E553F0000AE56 /* LoginController.swift */ = {isa = PBXFileReference; lastKnownFileType = sourcecode.swift; path = LoginController.swift; sourceTree = "<group>"; };
		94339147219E553F0000AE56 /* Base */ = {isa = PBXFileReference; lastKnownFileType = file.storyboard; name = Base; path = Base.lproj/Main.storyboard; sourceTree = "<group>"; };
		94339149219E55400000AE56 /* Assets.xcassets */ = {isa = PBXFileReference; lastKnownFileType = folder.assetcatalog; path = Assets.xcassets; sourceTree = "<group>"; };
		9433914C219E55400000AE56 /* Base */ = {isa = PBXFileReference; lastKnownFileType = file.storyboard; name = Base; path = Base.lproj/LaunchScreen.storyboard; sourceTree = "<group>"; };
		9433914E219E55400000AE56 /* Info.plist */ = {isa = PBXFileReference; lastKnownFileType = text.plist.xml; path = Info.plist; sourceTree = "<group>"; };
		94339153219E55400000AE56 /* TechChatTests.xctest */ = {isa = PBXFileReference; explicitFileType = wrapper.cfbundle; includeInIndex = 0; path = TechChatTests.xctest; sourceTree = BUILT_PRODUCTS_DIR; };
		94339157219E55410000AE56 /* TechChatTests.swift */ = {isa = PBXFileReference; lastKnownFileType = sourcecode.swift; path = TechChatTests.swift; sourceTree = "<group>"; };
		94339159219E55410000AE56 /* Info.plist */ = {isa = PBXFileReference; lastKnownFileType = text.plist.xml; path = Info.plist; sourceTree = "<group>"; };
		9433915E219E55410000AE56 /* TechChatUITests.xctest */ = {isa = PBXFileReference; explicitFileType = wrapper.cfbundle; includeInIndex = 0; path = TechChatUITests.xctest; sourceTree = BUILT_PRODUCTS_DIR; };
		94339162219E55410000AE56 /* TechChatUITests.swift */ = {isa = PBXFileReference; lastKnownFileType = sourcecode.swift; path = TechChatUITests.swift; sourceTree = "<group>"; };
		94339164219E55410000AE56 /* Info.plist */ = {isa = PBXFileReference; lastKnownFileType = text.plist.xml; path = Info.plist; sourceTree = "<group>"; };
		946BCAFE21A0906C00A5F9C7 /* Urls.swift */ = {isa = PBXFileReference; lastKnownFileType = sourcecode.swift; path = Urls.swift; sourceTree = "<group>"; };
		946BCB0121A09CCA00A5F9C7 /* User.swift */ = {isa = PBXFileReference; lastKnownFileType = sourcecode.swift; path = User.swift; sourceTree = "<group>"; };
		9474A9F821CED55D009FCF59 /* UserTests.swift */ = {isa = PBXFileReference; lastKnownFileType = sourcecode.swift; path = UserTests.swift; sourceTree = "<group>"; };
		94ACFA7221AE0E140063C02F /* BoardTableViewCell.swift */ = {isa = PBXFileReference; lastKnownFileType = sourcecode.swift; path = BoardTableViewCell.swift; sourceTree = "<group>"; };
		94ACFA7421AE0F170063C02F /* BoardTableViewController.swift */ = {isa = PBXFileReference; lastKnownFileType = sourcecode.swift; path = BoardTableViewController.swift; sourceTree = "<group>"; };
		94ACFA7621AE12790063C02F /* Board.swift */ = {isa = PBXFileReference; lastKnownFileType = sourcecode.swift; path = Board.swift; sourceTree = "<group>"; };
		94E5524B21D1E59F0019CEE5 /* LoginUITests.swift */ = {isa = PBXFileReference; lastKnownFileType = sourcecode.swift; path = LoginUITests.swift; sourceTree = "<group>"; };
		99D8844F7E4D042E1CDB5287 /* libPods-TechChatTests.a */ = {isa = PBXFileReference; explicitFileType = archive.ar; includeInIndex = 0; path = "libPods-TechChatTests.a"; sourceTree = BUILT_PRODUCTS_DIR; };
		AD7EE251AABDBAEF114599EF /* Pods-TechChatUITests.release.xcconfig */ = {isa = PBXFileReference; includeInIndex = 1; lastKnownFileType = text.xcconfig; name = "Pods-TechChatUITests.release.xcconfig"; path = "Pods/Target Support Files/Pods-TechChatUITests/Pods-TechChatUITests.release.xcconfig"; sourceTree = "<group>"; };
		F2AF9C184560610007CC7C71 /* Pods-TechChatUITests.debug.xcconfig */ = {isa = PBXFileReference; includeInIndex = 1; lastKnownFileType = text.xcconfig; name = "Pods-TechChatUITests.debug.xcconfig"; path = "Pods/Target Support Files/Pods-TechChatUITests/Pods-TechChatUITests.debug.xcconfig"; sourceTree = "<group>"; };
		F7CAD590CA6B35A00239EF88 /* Pods_TechChat.framework */ = {isa = PBXFileReference; explicitFileType = wrapper.framework; includeInIndex = 0; path = Pods_TechChat.framework; sourceTree = BUILT_PRODUCTS_DIR; };
/* End PBXFileReference section */

/* Begin PBXFrameworksBuildPhase section */
		9433913C219E553F0000AE56 /* Frameworks */ = {
			isa = PBXFrameworksBuildPhase;
			buildActionMask = 2147483647;
			files = (
				4AEC2EAFB6A45E7129D4C88F /* Pods_TechChat.framework in Frameworks */,
			);
			runOnlyForDeploymentPostprocessing = 0;
		};
		94339150219E55400000AE56 /* Frameworks */ = {
			isa = PBXFrameworksBuildPhase;
			buildActionMask = 2147483647;
			files = (
				A9AA814B2C451DA02EF9395C /* libPods-TechChatTests.a in Frameworks */,
			);
			runOnlyForDeploymentPostprocessing = 0;
		};
		9433915B219E55410000AE56 /* Frameworks */ = {
			isa = PBXFrameworksBuildPhase;
			buildActionMask = 2147483647;
			files = (
				252A8C0E98AF1D13B01B8F7D /* libPods-TechChatUITests.a in Frameworks */,
			);
			runOnlyForDeploymentPostprocessing = 0;
		};
/* End PBXFrameworksBuildPhase section */

/* Begin PBXGroup section */
		1A4A8BF228BE67868D8B01DD /* Pods */ = {
			isa = PBXGroup;
			children = (
				1A05C3A041122F35895C554F /* Pods-TechChat.debug.xcconfig */,
				49E5BF044DB0E4A09B78F520 /* Pods-TechChat.release.xcconfig */,
				687BD48267FE1D17E2A81D1B /* Pods-TechChatTests.debug.xcconfig */,
				8E623B28F5D4AA26F9C88289 /* Pods-TechChatTests.release.xcconfig */,
				F2AF9C184560610007CC7C71 /* Pods-TechChatUITests.debug.xcconfig */,
				AD7EE251AABDBAEF114599EF /* Pods-TechChatUITests.release.xcconfig */,
			);
			name = Pods;
			sourceTree = "<group>";
		};
		551CFC3ED8C51F2B045FAE31 /* Frameworks */ = {
			isa = PBXGroup;
			children = (
				F7CAD590CA6B35A00239EF88 /* Pods_TechChat.framework */,
				99D8844F7E4D042E1CDB5287 /* libPods-TechChatTests.a */,
				45AC64907292D0A6C5ED4157 /* libPods-TechChatUITests.a */,
			);
			name = Frameworks;
			sourceTree = "<group>";
		};
		94339136219E553F0000AE56 = {
			isa = PBXGroup;
			children = (
				94339141219E553F0000AE56 /* TechChat */,
				94339156219E55400000AE56 /* TechChatTests */,
				94339161219E55410000AE56 /* TechChatUITests */,
				94339140219E553F0000AE56 /* Products */,
				1A4A8BF228BE67868D8B01DD /* Pods */,
				551CFC3ED8C51F2B045FAE31 /* Frameworks */,
			);
			sourceTree = "<group>";
		};
		94339140219E553F0000AE56 /* Products */ = {
			isa = PBXGroup;
			children = (
				9433913F219E553F0000AE56 /* TechChat.app */,
				94339153219E55400000AE56 /* TechChatTests.xctest */,
				9433915E219E55410000AE56 /* TechChatUITests.xctest */,
			);
			name = Products;
			sourceTree = "<group>";
		};
		94339141219E553F0000AE56 /* TechChat */ = {
			isa = PBXGroup;
			children = (
				946BCB0021A09CB700A5F9C7 /* models */,
				946BCAFD21A0902F00A5F9C7 /* api */,
				946BCAFC21A08FFD00A5F9C7 /* controllers */,
				94339142219E553F0000AE56 /* AppDelegate.swift */,
				94339146219E553F0000AE56 /* Main.storyboard */,
				94339149219E55400000AE56 /* Assets.xcassets */,
				9433914B219E55400000AE56 /* LaunchScreen.storyboard */,
				9433914E219E55400000AE56 /* Info.plist */,
			);
			path = TechChat;
			sourceTree = "<group>";
		};
		94339156219E55400000AE56 /* TechChatTests */ = {
			isa = PBXGroup;
			children = (
				9474A9F721CED539009FCF59 /* model */,
				94339157219E55410000AE56 /* TechChatTests.swift */,
				94339159219E55410000AE56 /* Info.plist */,
			);
			path = TechChatTests;
			sourceTree = "<group>";
		};
		94339161219E55410000AE56 /* TechChatUITests */ = {
			isa = PBXGroup;
			children = (
				94339162219E55410000AE56 /* TechChatUITests.swift */,
				94339164219E55410000AE56 /* Info.plist */,
				94E5524B21D1E59F0019CEE5 /* LoginUITests.swift */,
			);
			path = TechChatUITests;
			sourceTree = "<group>";
		};
		946BCAFC21A08FFD00A5F9C7 /* controllers */ = {
			isa = PBXGroup;
			children = (
				94ACFA7221AE0E140063C02F /* BoardTableViewCell.swift */,
				94339144219E553F0000AE56 /* LoginController.swift */,
				94ACFA7421AE0F170063C02F /* BoardTableViewController.swift */,
				9413F74D2240311A00279B41 /* PostTableViewController.swift */,
				9413F751224032F900279B41 /* CreatePostController.swift */,
			);
			path = controllers;
			sourceTree = "<group>";
		};
		946BCAFD21A0902F00A5F9C7 /* api */ = {
			isa = PBXGroup;
			children = (
				946BCAFE21A0906C00A5F9C7 /* Urls.swift */,
			);
			path = api;
			sourceTree = "<group>";
		};
		946BCB0021A09CB700A5F9C7 /* models */ = {
			isa = PBXGroup;
			children = (
				946BCB0121A09CCA00A5F9C7 /* User.swift */,
				94ACFA7621AE12790063C02F /* Board.swift */,
			);
			path = models;
			sourceTree = "<group>";
		};
		9474A9F721CED539009FCF59 /* model */ = {
			isa = PBXGroup;
			children = (
				9474A9F821CED55D009FCF59 /* UserTests.swift */,
			);
			path = model;
			sourceTree = "<group>";
		};
/* End PBXGroup section */

/* Begin PBXNativeTarget section */
		9433913E219E553F0000AE56 /* TechChat */ = {
			isa = PBXNativeTarget;
			buildConfigurationList = 94339167219E55410000AE56 /* Build configuration list for PBXNativeTarget "TechChat" */;
			buildPhases = (
				CD2CBF1404409635A8DB9678 /* [CP] Check Pods Manifest.lock */,
				9433913B219E553F0000AE56 /* Sources */,
				9433913C219E553F0000AE56 /* Frameworks */,
				9433913D219E553F0000AE56 /* Resources */,
				003FCC5615764B0F4DBEC194 /* [CP] Embed Pods Frameworks */,
			);
			buildRules = (
			);
			dependencies = (
			);
			name = TechChat;
			productName = TechChat;
			productReference = 9433913F219E553F0000AE56 /* TechChat.app */;
			productType = "com.apple.product-type.application";
		};
		94339152219E55400000AE56 /* TechChatTests */ = {
			isa = PBXNativeTarget;
			buildConfigurationList = 9433916A219E55410000AE56 /* Build configuration list for PBXNativeTarget "TechChatTests" */;
			buildPhases = (
				19DA1E25FFC687BB92516783 /* [CP] Check Pods Manifest.lock */,
				9433914F219E55400000AE56 /* Sources */,
				94339150219E55400000AE56 /* Frameworks */,
				94339151219E55400000AE56 /* Resources */,
			);
			buildRules = (
			);
			dependencies = (
				94339155219E55400000AE56 /* PBXTargetDependency */,
			);
			name = TechChatTests;
			productName = TechChatTests;
			productReference = 94339153219E55400000AE56 /* TechChatTests.xctest */;
			productType = "com.apple.product-type.bundle.unit-test";
		};
		9433915D219E55410000AE56 /* TechChatUITests */ = {
			isa = PBXNativeTarget;
			buildConfigurationList = 9433916D219E55410000AE56 /* Build configuration list for PBXNativeTarget "TechChatUITests" */;
			buildPhases = (
				85F0E69F68904991A52C2D6A /* [CP] Check Pods Manifest.lock */,
				9433915A219E55410000AE56 /* Sources */,
				9433915B219E55410000AE56 /* Frameworks */,
				9433915C219E55410000AE56 /* Resources */,
			);
			buildRules = (
			);
			dependencies = (
				94339160219E55410000AE56 /* PBXTargetDependency */,
			);
			name = TechChatUITests;
			productName = TechChatUITests;
			productReference = 9433915E219E55410000AE56 /* TechChatUITests.xctest */;
			productType = "com.apple.product-type.bundle.ui-testing";
		};
/* End PBXNativeTarget section */

/* Begin PBXProject section */
		94339137219E553F0000AE56 /* Project object */ = {
			isa = PBXProject;
			attributes = {
				LastSwiftUpdateCheck = 1010;
				LastUpgradeCheck = 1010;
				ORGANIZATIONNAME = OpenSourceClub;
				TargetAttributes = {
					9433913E219E553F0000AE56 = {
						CreatedOnToolsVersion = 10.1;
					};
					94339152219E55400000AE56 = {
						CreatedOnToolsVersion = 10.1;
						TestTargetID = 9433913E219E553F0000AE56;
					};
					9433915D219E55410000AE56 = {
						CreatedOnToolsVersion = 10.1;
						TestTargetID = 9433913E219E553F0000AE56;
					};
				};
			};
			buildConfigurationList = 9433913A219E553F0000AE56 /* Build configuration list for PBXProject "TechChat" */;
			compatibilityVersion = "Xcode 9.3";
			developmentRegion = en;
			hasScannedForEncodings = 0;
			knownRegions = (
				en,
				Base,
			);
			mainGroup = 94339136219E553F0000AE56;
			productRefGroup = 94339140219E553F0000AE56 /* Products */;
			projectDirPath = "";
			projectRoot = "";
			targets = (
				9433913E219E553F0000AE56 /* TechChat */,
				94339152219E55400000AE56 /* TechChatTests */,
				9433915D219E55410000AE56 /* TechChatUITests */,
			);
		};
/* End PBXProject section */

/* Begin PBXResourcesBuildPhase section */
		9433913D219E553F0000AE56 /* Resources */ = {
			isa = PBXResourcesBuildPhase;
			buildActionMask = 2147483647;
			files = (
				9433914D219E55400000AE56 /* LaunchScreen.storyboard in Resources */,
				9433914A219E55400000AE56 /* Assets.xcassets in Resources */,
				94339148219E553F0000AE56 /* Main.storyboard in Resources */,
			);
			runOnlyForDeploymentPostprocessing = 0;
		};
		94339151219E55400000AE56 /* Resources */ = {
			isa = PBXResourcesBuildPhase;
			buildActionMask = 2147483647;
			files = (
			);
			runOnlyForDeploymentPostprocessing = 0;
		};
		9433915C219E55410000AE56 /* Resources */ = {
			isa = PBXResourcesBuildPhase;
			buildActionMask = 2147483647;
			files = (
			);
			runOnlyForDeploymentPostprocessing = 0;
		};
/* End PBXResourcesBuildPhase section */

/* Begin PBXShellScriptBuildPhase section */
		003FCC5615764B0F4DBEC194 /* [CP] Embed Pods Frameworks */ = {
			isa = PBXShellScriptBuildPhase;
			buildActionMask = 2147483647;
			files = (
			);
			inputFileListPaths = (
			);
			inputPaths = (
				"${SRCROOT}/Pods/Target Support Files/Pods-TechChat/Pods-TechChat-frameworks.sh",
				"${BUILT_PRODUCTS_DIR}/Alamofire-framework/Alamofire.framework",
			);
			name = "[CP] Embed Pods Frameworks";
			outputFileListPaths = (
			);
			outputPaths = (
				"${TARGET_BUILD_DIR}/${FRAMEWORKS_FOLDER_PATH}/Alamofire.framework",
			);
			runOnlyForDeploymentPostprocessing = 0;
			shellPath = /bin/sh;
			shellScript = "\"${SRCROOT}/Pods/Target Support Files/Pods-TechChat/Pods-TechChat-frameworks.sh\"\n";
			showEnvVarsInLog = 0;
		};
		19DA1E25FFC687BB92516783 /* [CP] Check Pods Manifest.lock */ = {
			isa = PBXShellScriptBuildPhase;
			buildActionMask = 2147483647;
			files = (
			);
			inputFileListPaths = (
			);
			inputPaths = (
				"${PODS_PODFILE_DIR_PATH}/Podfile.lock",
				"${PODS_ROOT}/Manifest.lock",
			);
			name = "[CP] Check Pods Manifest.lock";
			outputFileListPaths = (
			);
			outputPaths = (
				"$(DERIVED_FILE_DIR)/Pods-TechChatTests-checkManifestLockResult.txt",
			);
			runOnlyForDeploymentPostprocessing = 0;
			shellPath = /bin/sh;
			shellScript = "diff \"${PODS_PODFILE_DIR_PATH}/Podfile.lock\" \"${PODS_ROOT}/Manifest.lock\" > /dev/null\nif [ $? != 0 ] ; then\n    # print error to STDERR\n    echo \"error: The sandbox is not in sync with the Podfile.lock. Run 'pod install' or update your CocoaPods installation.\" >&2\n    exit 1\nfi\n# This output is used by Xcode 'outputs' to avoid re-running this script phase.\necho \"SUCCESS\" > \"${SCRIPT_OUTPUT_FILE_0}\"\n";
			showEnvVarsInLog = 0;
		};
		85F0E69F68904991A52C2D6A /* [CP] Check Pods Manifest.lock */ = {
			isa = PBXShellScriptBuildPhase;
			buildActionMask = 2147483647;
			files = (
			);
			inputFileListPaths = (
			);
			inputPaths = (
				"${PODS_PODFILE_DIR_PATH}/Podfile.lock",
				"${PODS_ROOT}/Manifest.lock",
			);
			name = "[CP] Check Pods Manifest.lock";
			outputFileListPaths = (
			);
			outputPaths = (
				"$(DERIVED_FILE_DIR)/Pods-TechChatUITests-checkManifestLockResult.txt",
			);
			runOnlyForDeploymentPostprocessing = 0;
			shellPath = /bin/sh;
			shellScript = "diff \"${PODS_PODFILE_DIR_PATH}/Podfile.lock\" \"${PODS_ROOT}/Manifest.lock\" > /dev/null\nif [ $? != 0 ] ; then\n    # print error to STDERR\n    echo \"error: The sandbox is not in sync with the Podfile.lock. Run 'pod install' or update your CocoaPods installation.\" >&2\n    exit 1\nfi\n# This output is used by Xcode 'outputs' to avoid re-running this script phase.\necho \"SUCCESS\" > \"${SCRIPT_OUTPUT_FILE_0}\"\n";
			showEnvVarsInLog = 0;
		};
		CD2CBF1404409635A8DB9678 /* [CP] Check Pods Manifest.lock */ = {
			isa = PBXShellScriptBuildPhase;
			buildActionMask = 2147483647;
			files = (
			);
			inputFileListPaths = (
			);
			inputPaths = (
				"${PODS_PODFILE_DIR_PATH}/Podfile.lock",
				"${PODS_ROOT}/Manifest.lock",
			);
			name = "[CP] Check Pods Manifest.lock";
			outputFileListPaths = (
			);
			outputPaths = (
				"$(DERIVED_FILE_DIR)/Pods-TechChat-checkManifestLockResult.txt",
			);
			runOnlyForDeploymentPostprocessing = 0;
			shellPath = /bin/sh;
			shellScript = "diff \"${PODS_PODFILE_DIR_PATH}/Podfile.lock\" \"${PODS_ROOT}/Manifest.lock\" > /dev/null\nif [ $? != 0 ] ; then\n    # print error to STDERR\n    echo \"error: The sandbox is not in sync with the Podfile.lock. Run 'pod install' or update your CocoaPods installation.\" >&2\n    exit 1\nfi\n# This output is used by Xcode 'outputs' to avoid re-running this script phase.\necho \"SUCCESS\" > \"${SCRIPT_OUTPUT_FILE_0}\"\n";
			showEnvVarsInLog = 0;
		};
/* End PBXShellScriptBuildPhase section */

/* Begin PBXSourcesBuildPhase section */
		9433913B219E553F0000AE56 /* Sources */ = {
			isa = PBXSourcesBuildPhase;
			buildActionMask = 2147483647;
			files = (
				94ACFA7521AE0F170063C02F /* BoardTableViewController.swift in Sources */,
				9413F74E2240311A00279B41 /* PostTableViewController.swift in Sources */,
				94ACFA7321AE0E140063C02F /* BoardTableViewCell.swift in Sources */,
				946BCB0221A09CCA00A5F9C7 /* User.swift in Sources */,
				946BCAFF21A0906C00A5F9C7 /* Urls.swift in Sources */,
				9413F752224032F900279B41 /* CreatePostController.swift in Sources */,
				94ACFA7721AE12790063C02F /* Board.swift in Sources */,
				94339145219E553F0000AE56 /* LoginController.swift in Sources */,
				94339143219E553F0000AE56 /* AppDelegate.swift in Sources */,
			);
			runOnlyForDeploymentPostprocessing = 0;
		};
		9433914F219E55400000AE56 /* Sources */ = {
			isa = PBXSourcesBuildPhase;
			buildActionMask = 2147483647;
			files = (
				946BCB0321A09CCA00A5F9C7 /* User.swift in Sources */,
				9474A9F421CED514009FCF59 /* LoginController.swift in Sources */,
				9474A9F621CED524009FCF59 /* Board.swift in Sources */,
				9413F753224032F900279B41 /* CreatePostController.swift in Sources */,
				94E5525021D1E7500019CEE5 /* AppDelegate.swift in Sources */,
				9428A6CA21CEDE9300A1A909 /* Urls.swift in Sources */,
				9413F74F2240311A00279B41 /* PostTableViewController.swift in Sources */,
				9474A9F921CED55D009FCF59 /* UserTests.swift in Sources */,
				9474A9F321CED511009FCF59 /* BoardTableViewCell.swift in Sources */,
				9474A9F521CED517009FCF59 /* BoardTableViewController.swift in Sources */,
				94339158219E55410000AE56 /* TechChatTests.swift in Sources */,
			);
			runOnlyForDeploymentPostprocessing = 0;
		};
		9433915A219E55410000AE56 /* Sources */ = {
			isa = PBXSourcesBuildPhase;
			buildActionMask = 2147483647;
			files = (
				94E5525421D1E7900019CEE5 /* BoardTableViewController.swift in Sources */,
				94E5525121D1E7510019CEE5 /* AppDelegate.swift in Sources */,
				94339163219E55410000AE56 /* TechChatUITests.swift in Sources */,
				9413F754224032F900279B41 /* CreatePostController.swift in Sources */,
				94E5525221D1E77D0019CEE5 /* BoardTableViewCell.swift in Sources */,
				94E5524C21D1E59F0019CEE5 /* LoginUITests.swift in Sources */,
				9413F7502240311A00279B41 /* PostTableViewController.swift in Sources */,
				94E5524E21D1E7480019CEE5 /* Board.swift in Sources */,
				94E5525321D1E7800019CEE5 /* LoginController.swift in Sources */,
				94E5524D21D1E73E0019CEE5 /* User.swift in Sources */,
				94E5524F21D1E74C0019CEE5 /* Urls.swift in Sources */,
			);
			runOnlyForDeploymentPostprocessing = 0;
		};
/* End PBXSourcesBuildPhase section */

/* Begin PBXTargetDependency section */
		94339155219E55400000AE56 /* PBXTargetDependency */ = {
			isa = PBXTargetDependency;
			target = 9433913E219E553F0000AE56 /* TechChat */;
			targetProxy = 94339154219E55400000AE56 /* PBXContainerItemProxy */;
		};
		94339160219E55410000AE56 /* PBXTargetDependency */ = {
			isa = PBXTargetDependency;
			target = 9433913E219E553F0000AE56 /* TechChat */;
			targetProxy = 9433915F219E55410000AE56 /* PBXContainerItemProxy */;
		};
/* End PBXTargetDependency section */

/* Begin PBXVariantGroup section */
		94339146219E553F0000AE56 /* Main.storyboard */ = {
			isa = PBXVariantGroup;
			children = (
				94339147219E553F0000AE56 /* Base */,
			);
			name = Main.storyboard;
			sourceTree = "<group>";
		};
		9433914B219E55400000AE56 /* LaunchScreen.storyboard */ = {
			isa = PBXVariantGroup;
			children = (
				9433914C219E55400000AE56 /* Base */,
			);
			name = LaunchScreen.storyboard;
			sourceTree = "<group>";
		};
/* End PBXVariantGroup section */

/* Begin XCBuildConfiguration section */
		94339165219E55410000AE56 /* Debug */ = {
			isa = XCBuildConfiguration;
			buildSettings = {
				ALWAYS_SEARCH_USER_PATHS = NO;
				CLANG_ANALYZER_NONNULL = YES;
				CLANG_ANALYZER_NUMBER_OBJECT_CONVERSION = YES_AGGRESSIVE;
				CLANG_CXX_LANGUAGE_STANDARD = "gnu++14";
				CLANG_CXX_LIBRARY = "libc++";
				CLANG_ENABLE_MODULES = YES;
				CLANG_ENABLE_OBJC_ARC = YES;
				CLANG_ENABLE_OBJC_WEAK = YES;
				CLANG_WARN_BLOCK_CAPTURE_AUTORELEASING = YES;
				CLANG_WARN_BOOL_CONVERSION = YES;
				CLANG_WARN_COMMA = YES;
				CLANG_WARN_CONSTANT_CONVERSION = YES;
				CLANG_WARN_DEPRECATED_OBJC_IMPLEMENTATIONS = YES;
				CLANG_WARN_DIRECT_OBJC_ISA_USAGE = YES_ERROR;
				CLANG_WARN_DOCUMENTATION_COMMENTS = YES;
				CLANG_WARN_EMPTY_BODY = YES;
				CLANG_WARN_ENUM_CONVERSION = YES;
				CLANG_WARN_INFINITE_RECURSION = YES;
				CLANG_WARN_INT_CONVERSION = YES;
				CLANG_WARN_NON_LITERAL_NULL_CONVERSION = YES;
				CLANG_WARN_OBJC_IMPLICIT_RETAIN_SELF = YES;
				CLANG_WARN_OBJC_LITERAL_CONVERSION = YES;
				CLANG_WARN_OBJC_ROOT_CLASS = YES_ERROR;
				CLANG_WARN_RANGE_LOOP_ANALYSIS = YES;
				CLANG_WARN_STRICT_PROTOTYPES = YES;
				CLANG_WARN_SUSPICIOUS_MOVE = YES;
				CLANG_WARN_UNGUARDED_AVAILABILITY = YES_AGGRESSIVE;
				CLANG_WARN_UNREACHABLE_CODE = YES;
				CLANG_WARN__DUPLICATE_METHOD_MATCH = YES;
				CODE_SIGN_IDENTITY = "iPhone Developer";
				COPY_PHASE_STRIP = NO;
				DEBUG_INFORMATION_FORMAT = dwarf;
				ENABLE_STRICT_OBJC_MSGSEND = YES;
				ENABLE_TESTABILITY = YES;
				GCC_C_LANGUAGE_STANDARD = gnu11;
				GCC_DYNAMIC_NO_PIC = NO;
				GCC_NO_COMMON_BLOCKS = YES;
				GCC_OPTIMIZATION_LEVEL = 0;
				GCC_PREPROCESSOR_DEFINITIONS = (
					"DEBUG=1",
					"$(inherited)",
				);
				GCC_WARN_64_TO_32_BIT_CONVERSION = YES;
				GCC_WARN_ABOUT_RETURN_TYPE = YES_ERROR;
				GCC_WARN_UNDECLARED_SELECTOR = YES;
				GCC_WARN_UNINITIALIZED_AUTOS = YES_AGGRESSIVE;
				GCC_WARN_UNUSED_FUNCTION = YES;
				GCC_WARN_UNUSED_VARIABLE = YES;
				IPHONEOS_DEPLOYMENT_TARGET = 12.1;
				MTL_ENABLE_DEBUG_INFO = INCLUDE_SOURCE;
				MTL_FAST_MATH = YES;
				ONLY_ACTIVE_ARCH = YES;
				SDKROOT = iphoneos;
				SWIFT_ACTIVE_COMPILATION_CONDITIONS = DEBUG;
				SWIFT_OPTIMIZATION_LEVEL = "-Onone";
			};
			name = Debug;
		};
		94339166219E55410000AE56 /* Release */ = {
			isa = XCBuildConfiguration;
			buildSettings = {
				ALWAYS_SEARCH_USER_PATHS = NO;
				CLANG_ANALYZER_NONNULL = YES;
				CLANG_ANALYZER_NUMBER_OBJECT_CONVERSION = YES_AGGRESSIVE;
				CLANG_CXX_LANGUAGE_STANDARD = "gnu++14";
				CLANG_CXX_LIBRARY = "libc++";
				CLANG_ENABLE_MODULES = YES;
				CLANG_ENABLE_OBJC_ARC = YES;
				CLANG_ENABLE_OBJC_WEAK = YES;
				CLANG_WARN_BLOCK_CAPTURE_AUTORELEASING = YES;
				CLANG_WARN_BOOL_CONVERSION = YES;
				CLANG_WARN_COMMA = YES;
				CLANG_WARN_CONSTANT_CONVERSION = YES;
				CLANG_WARN_DEPRECATED_OBJC_IMPLEMENTATIONS = YES;
				CLANG_WARN_DIRECT_OBJC_ISA_USAGE = YES_ERROR;
				CLANG_WARN_DOCUMENTATION_COMMENTS = YES;
				CLANG_WARN_EMPTY_BODY = YES;
				CLANG_WARN_ENUM_CONVERSION = YES;
				CLANG_WARN_INFINITE_RECURSION = YES;
				CLANG_WARN_INT_CONVERSION = YES;
				CLANG_WARN_NON_LITERAL_NULL_CONVERSION = YES;
				CLANG_WARN_OBJC_IMPLICIT_RETAIN_SELF = YES;
				CLANG_WARN_OBJC_LITERAL_CONVERSION = YES;
				CLANG_WARN_OBJC_ROOT_CLASS = YES_ERROR;
				CLANG_WARN_RANGE_LOOP_ANALYSIS = YES;
				CLANG_WARN_STRICT_PROTOTYPES = YES;
				CLANG_WARN_SUSPICIOUS_MOVE = YES;
				CLANG_WARN_UNGUARDED_AVAILABILITY = YES_AGGRESSIVE;
				CLANG_WARN_UNREACHABLE_CODE = YES;
				CLANG_WARN__DUPLICATE_METHOD_MATCH = YES;
				CODE_SIGN_IDENTITY = "iPhone Developer";
				COPY_PHASE_STRIP = NO;
				DEBUG_INFORMATION_FORMAT = "dwarf-with-dsym";
				ENABLE_NS_ASSERTIONS = NO;
				ENABLE_STRICT_OBJC_MSGSEND = YES;
				GCC_C_LANGUAGE_STANDARD = gnu11;
				GCC_NO_COMMON_BLOCKS = YES;
				GCC_WARN_64_TO_32_BIT_CONVERSION = YES;
				GCC_WARN_ABOUT_RETURN_TYPE = YES_ERROR;
				GCC_WARN_UNDECLARED_SELECTOR = YES;
				GCC_WARN_UNINITIALIZED_AUTOS = YES_AGGRESSIVE;
				GCC_WARN_UNUSED_FUNCTION = YES;
				GCC_WARN_UNUSED_VARIABLE = YES;
				IPHONEOS_DEPLOYMENT_TARGET = 12.1;
				MTL_ENABLE_DEBUG_INFO = NO;
				MTL_FAST_MATH = YES;
				SDKROOT = iphoneos;
				SWIFT_COMPILATION_MODE = wholemodule;
				SWIFT_OPTIMIZATION_LEVEL = "-O";
				VALIDATE_PRODUCT = YES;
			};
			name = Release;
		};
		94339168219E55410000AE56 /* Debug */ = {
			isa = XCBuildConfiguration;
			baseConfigurationReference = 1A05C3A041122F35895C554F /* Pods-TechChat.debug.xcconfig */;
			buildSettings = {
				ASSETCATALOG_COMPILER_APPICON_NAME = AppIcon;
				CODE_SIGN_STYLE = Automatic;
				INFOPLIST_FILE = TechChat/Info.plist;
				LD_RUNPATH_SEARCH_PATHS = (
					"$(inherited)",
					"@executable_path/Frameworks",
				);
				PRODUCT_BUNDLE_IDENTIFIER = org.opensourceclub.TechChat;
				PRODUCT_NAME = "$(TARGET_NAME)";
				SWIFT_VERSION = 4.2;
				TARGETED_DEVICE_FAMILY = "1,2";
			};
			name = Debug;
		};
		94339169219E55410000AE56 /* Release */ = {
			isa = XCBuildConfiguration;
			baseConfigurationReference = 49E5BF044DB0E4A09B78F520 /* Pods-TechChat.release.xcconfig */;
			buildSettings = {
				ASSETCATALOG_COMPILER_APPICON_NAME = AppIcon;
				CODE_SIGN_STYLE = Automatic;
				INFOPLIST_FILE = TechChat/Info.plist;
				LD_RUNPATH_SEARCH_PATHS = (
					"$(inherited)",
					"@executable_path/Frameworks",
				);
				PRODUCT_BUNDLE_IDENTIFIER = org.opensourceclub.TechChat;
				PRODUCT_NAME = "$(TARGET_NAME)";
				SWIFT_VERSION = 4.2;
				TARGETED_DEVICE_FAMILY = "1,2";
			};
			name = Release;
		};
		9433916B219E55410000AE56 /* Debug */ = {
			isa = XCBuildConfiguration;
			baseConfigurationReference = 687BD48267FE1D17E2A81D1B /* Pods-TechChatTests.debug.xcconfig */;
			buildSettings = {
				ALWAYS_EMBED_SWIFT_STANDARD_LIBRARIES = YES;
				BUNDLE_LOADER = "$(TEST_HOST)";
				CODE_SIGN_STYLE = Automatic;
				INFOPLIST_FILE = TechChatTests/Info.plist;
				LD_RUNPATH_SEARCH_PATHS = (
					"$(inherited)",
					"@executable_path/Frameworks",
					"@loader_path/Frameworks",
				);
				PRODUCT_BUNDLE_IDENTIFIER = org.opensourceclub.TechChatTests;
				PRODUCT_NAME = "$(TARGET_NAME)";
				SWIFT_VERSION = 4.2;
				TARGETED_DEVICE_FAMILY = "1,2";
				TEST_HOST = "$(BUILT_PRODUCTS_DIR)/TechChat.app/TechChat";
			};
			name = Debug;
		};
		9433916C219E55410000AE56 /* Release */ = {
			isa = XCBuildConfiguration;
			baseConfigurationReference = 8E623B28F5D4AA26F9C88289 /* Pods-TechChatTests.release.xcconfig */;
			buildSettings = {
				ALWAYS_EMBED_SWIFT_STANDARD_LIBRARIES = YES;
				BUNDLE_LOADER = "$(TEST_HOST)";
				CODE_SIGN_STYLE = Automatic;
				INFOPLIST_FILE = TechChatTests/Info.plist;
				LD_RUNPATH_SEARCH_PATHS = (
					"$(inherited)",
					"@executable_path/Frameworks",
					"@loader_path/Frameworks",
				);
				PRODUCT_BUNDLE_IDENTIFIER = org.opensourceclub.TechChatTests;
				PRODUCT_NAME = "$(TARGET_NAME)";
				SWIFT_VERSION = 4.2;
				TARGETED_DEVICE_FAMILY = "1,2";
				TEST_HOST = "$(BUILT_PRODUCTS_DIR)/TechChat.app/TechChat";
			};
			name = Release;
		};
		9433916E219E55410000AE56 /* Debug */ = {
			isa = XCBuildConfiguration;
			baseConfigurationReference = F2AF9C184560610007CC7C71 /* Pods-TechChatUITests.debug.xcconfig */;
			buildSettings = {
				ALWAYS_EMBED_SWIFT_STANDARD_LIBRARIES = YES;
				CODE_SIGN_STYLE = Automatic;
				INFOPLIST_FILE = TechChatUITests/Info.plist;
				LD_RUNPATH_SEARCH_PATHS = (
					"$(inherited)",
					"@executable_path/Frameworks",
					"@loader_path/Frameworks",
				);
				PRODUCT_BUNDLE_IDENTIFIER = org.opensourceclub.TechChatUITests;
				PRODUCT_NAME = "$(TARGET_NAME)";
				SWIFT_VERSION = 4.2;
				TARGETED_DEVICE_FAMILY = "1,2";
				TEST_TARGET_NAME = TechChat;
			};
			name = Debug;
		};
		9433916F219E55410000AE56 /* Release */ = {
			isa = XCBuildConfiguration;
			baseConfigurationReference = AD7EE251AABDBAEF114599EF /* Pods-TechChatUITests.release.xcconfig */;
			buildSettings = {
				ALWAYS_EMBED_SWIFT_STANDARD_LIBRARIES = YES;
				CODE_SIGN_STYLE = Automatic;
				INFOPLIST_FILE = TechChatUITests/Info.plist;
				LD_RUNPATH_SEARCH_PATHS = (
					"$(inherited)",
					"@executable_path/Frameworks",
					"@loader_path/Frameworks",
				);
				PRODUCT_BUNDLE_IDENTIFIER = org.opensourceclub.TechChatUITests;
				PRODUCT_NAME = "$(TARGET_NAME)";
				SWIFT_VERSION = 4.2;
				TARGETED_DEVICE_FAMILY = "1,2";
				TEST_TARGET_NAME = TechChat;
			};
			name = Release;
		};
/* End XCBuildConfiguration section */

/* Begin XCConfigurationList section */
		9433913A219E553F0000AE56 /* Build configuration list for PBXProject "TechChat" */ = {
			isa = XCConfigurationList;
			buildConfigurations = (
				94339165219E55410000AE56 /* Debug */,
				94339166219E55410000AE56 /* Release */,
			);
			defaultConfigurationIsVisible = 0;
			defaultConfigurationName = Release;
		};
		94339167219E55410000AE56 /* Build configuration list for PBXNativeTarget "TechChat" */ = {
			isa = XCConfigurationList;
			buildConfigurations = (
				94339168219E55410000AE56 /* Debug */,
				94339169219E55410000AE56 /* Release */,
			);
			defaultConfigurationIsVisible = 0;
			defaultConfigurationName = Release;
		};
		9433916A219E55410000AE56 /* Build configuration list for PBXNativeTarget "TechChatTests" */ = {
			isa = XCConfigurationList;
			buildConfigurations = (
				9433916B219E55410000AE56 /* Debug */,
				9433916C219E55410000AE56 /* Release */,
			);
			defaultConfigurationIsVisible = 0;
			defaultConfigurationName = Release;
		};
		9433916D219E55410000AE56 /* Build configuration list for PBXNativeTarget "TechChatUITests" */ = {
			isa = XCConfigurationList;
			buildConfigurations = (
				9433916E219E55410000AE56 /* Debug */,
				9433916F219E55410000AE56 /* Release */,
			);
			defaultConfigurationIsVisible = 0;
			defaultConfigurationName = Release;
		};
/* End XCConfigurationList section */
	};
	rootObject = 94339137219E553F0000AE56 /* Project object */;
}
